
Microsoft Visual Studio Solution File, Format Version 12.00
# Visual Studio Version 17
VisualStudioVersion = 17.4.33205.214
MinimumVisualStudioVersion = 10.0.40219.1
Project("{FAE04EC0-301F-11D3-BF4B-00C04F79EFBC}") = "CorporateHotelBooking.Test", "CorporateHotelBooking.Test\CorporateHotelBooking.Test.csproj", "{0DE9B507-6893-4A3F-8CD4-D9FCB8B22AE4}"
EndProject
Project("{FAE04EC0-301F-11D3-BF4B-00C04F79EFBC}") = "CorporateHotelBooking", "CorporateHotelBooking\CorporateHotelBooking.csproj", "{F8CB7835-D314-442D-B932-E8B723E1DCF8}"
EndProject
Global
	GlobalSection(SolutionConfigurationPlatforms) = preSolution
		Debug|Any CPU = Debug|Any CPU
		Release|Any CPU = Release|Any CPU
	EndGlobalSection
	GlobalSection(ProjectConfigurationPlatforms) = postSolution
		{0DE9B507-6893-4A3F-8CD4-D9FCB8B22AE4}.Debug|Any CPU.ActiveCfg = Debug|Any CPU
		{0DE9B507-6893-4A3F-8CD4-D9FCB8B22AE4}.Debug|Any CPU.Build.0 = Debug|Any CPU
		{0DE9B507-6893-4A3F-8CD4-D9FCB8B22AE4}.Release|Any CPU.ActiveCfg = Release|Any CPU
		{0DE9B507-6893-4A3F-8CD4-D9FCB8B22AE4}.Release|Any CPU.Build.0 = Release|Any CPU
		{F8CB7835-D314-442D-B932-E8B723E1DCF8}.Debug|Any CPU.ActiveCfg = Debug|Any CPU
		{F8CB7835-D314-442D-B932-E8B723E1DCF8}.Debug|Any CPU.Build.0 = Debug|Any CPU
		{F8CB7835-D314-442D-B932-E8B723E1DCF8}.Release|Any CPU.ActiveCfg = Release|Any CPU
		{F8CB7835-D314-442D-B932-E8B723E1DCF8}.Release|Any CPU.Build.0 = Release|Any CPU
	EndGlobalSection
	GlobalSection(SolutionProperties) = preSolution
		HideSolutionNode = FALSE
	EndGlobalSection
	GlobalSection(ExtensibilityGlobals) = postSolution
		SolutionGuid = {1288D9C0-9538-4502-AE9E-3E5EEDB1AAFA}
	EndGlobalSection
EndGlobal
